
Microsoft Visual Studio Solution File, Format Version 11.00
# Visual Studio 2010
Project("{8BC9CEB8-8B4A-11D0-8D11-00A0C91BC942}") = "MAGE2D", "MAGE2D.vcxproj", "{7A5C6DD1-D49B-4CEB-81D3-78ECF8CEEA23}"
EndProject
Project("{8BC9CEB8-8B4A-11D0-8D11-00A0C91BC942}") = "MattsAwesomeTestGame", "MattsAwesomeTestGame\MattsAwesomeTestGame.vcxproj", "{D775D8CF-59D3-496B-8177-AB8AF395AA43}"
EndProject
Project("{2150E333-8FDC-42A3-9474-1A3956D46DE8}") = "Engine", "Engine", "{5A82B110-B010-47FF-A384-32C39CD714D5}"
EndProject
Project("{2150E333-8FDC-42A3-9474-1A3956D46DE8}") = "Projects", "Projects", "{7AB682A6-160D-47AC-BD4F-922EC1ADE65C}"
EndProject
Project("{8BC9CEB8-8B4A-11D0-8D11-00A0C91BC942}") = "SD5_CP01_ClocksProfiling", "SD5_CP01_ClocksProfiling\SD5_CP01_ClocksProfiling.vcxproj", "{87A6D655-9067-4E35-B7F3-55928C33B936}"
EndProject
Project("{2150E333-8FDC-42A3-9474-1A3956D46DE8}") = "SD5", "SD5", "{D64FA0BA-CDCE-43F9-8C48-1C041A985D65}"
EndProject
Project("{2150E333-8FDC-42A3-9474-1A3956D46DE8}") = "Tests", "Tests", "{AD944937-FF5C-430F-9C43-A0910067CDBE}"
EndProject
Project("{2150E333-8FDC-42A3-9474-1A3956D46DE8}") = "DFS1", "DFS1", "{2AB77211-6F80-4151-8887-4B240B26B388}"
EndProject
Project("{8BC9CEB8-8B4A-11D0-8D11-00A0C91BC942}") = "MarioClone", "MarioClone\MarioClone.vcxproj", "{BAFC1CBD-2701-4462-AD5F-58834582AFA3}"
EndProject
Project("{8BC9CEB8-8B4A-11D0-8D11-00A0C91BC942}") = "SD5_CP02_ThreadsAndStuff", "SD5_CP02_ThreadsAndStuff\SD5_CP02_ThreadsAndStuff.vcxproj", "{2B64CDED-4789-447C-B9FA-1580BD2AFD10}"
EndProject
Project("{8BC9CEB8-8B4A-11D0-8D11-00A0C91BC942}") = "MageMath", "..\MageMath\MageMath.vcxproj", "{CF2592D2-C89B-4CC5-884D-E97CC1DCBB20}"
EndProject
Project("{8BC9CEB8-8B4A-11D0-8D11-00A0C91BC942}") = "SD5_CP03_MemoryManager", "SD5_CP03_MemoryManager\SD5_CP03_MemoryManager.vcxproj", "{A5900570-35FF-4EC7-AC2E-6EF03E4E8C87}"
EndProject
Project("{2150E333-8FDC-42A3-9474-1A3956D46DE8}") = "libs", "libs", "{6D9F52AA-BA8A-4160-8076-B30E18C266F0}"
EndProject
Project("{8BC9CEB8-8B4A-11D0-8D11-00A0C91BC942}") = "tinyxml2", "..\tinyxml2\tinyxml2.vcxproj", "{5DE7C7C1-197D-4117-A0EC-912DF0E13FD6}"
EndProject
Project("{8BC9CEB8-8B4A-11D0-8D11-00A0C91BC942}") = "base64", "..\base64\base64.vcxproj", "{143F3FCC-0E94-4F8D-BA52-9679C92D7BA1}"
EndProject
Project("{8BC9CEB8-8B4A-11D0-8D11-00A0C91BC942}") = "BulletHell", "BulletHell\BulletHell.vcxproj", "{B0DABFB3-22B2-4D89-8893-980B74F928D0}"
EndProject
Project("{8BC9CEB8-8B4A-11D0-8D11-00A0C91BC942}") = "SD5_CP06_FixedPointMath", "SD5_CP06_FixedPointMath\SD5_CP06_FixedPointMath.vcxproj", "{48290939-36C0-450D-B460-DBDB6CEF9901}"
EndProject
Project("{8BC9CEB8-8B4A-11D0-8D11-00A0C91BC942}") = "TextTestingGame", "TextTestingGame\TextTestingGame.vcxproj", "{E593788A-6657-4C74-AF9E-DA710CBDB833}"
EndProject
Global
	GlobalSection(SolutionConfigurationPlatforms) = preSolution
		Debug|Win32 = Debug|Win32
		DebugInline|Win32 = DebugInline|Win32
		Release|Win32 = Release|Win32
	EndGlobalSection
	GlobalSection(ProjectConfigurationPlatforms) = postSolution
		{7A5C6DD1-D49B-4CEB-81D3-78ECF8CEEA23}.Debug|Win32.ActiveCfg = Debug|Win32
		{7A5C6DD1-D49B-4CEB-81D3-78ECF8CEEA23}.Debug|Win32.Build.0 = Debug|Win32
		{7A5C6DD1-D49B-4CEB-81D3-78ECF8CEEA23}.DebugInline|Win32.ActiveCfg = DebugInline|Win32
		{7A5C6DD1-D49B-4CEB-81D3-78ECF8CEEA23}.DebugInline|Win32.Build.0 = DebugInline|Win32
		{7A5C6DD1-D49B-4CEB-81D3-78ECF8CEEA23}.Release|Win32.ActiveCfg = Release|Win32
		{7A5C6DD1-D49B-4CEB-81D3-78ECF8CEEA23}.Release|Win32.Build.0 = Release|Win32
		{D775D8CF-59D3-496B-8177-AB8AF395AA43}.Debug|Win32.ActiveCfg = Debug|Win32
		{D775D8CF-59D3-496B-8177-AB8AF395AA43}.Debug|Win32.Build.0 = Debug|Win32
		{D775D8CF-59D3-496B-8177-AB8AF395AA43}.DebugInline|Win32.ActiveCfg = DebugInline|Win32
		{D775D8CF-59D3-496B-8177-AB8AF395AA43}.DebugInline|Win32.Build.0 = DebugInline|Win32
		{D775D8CF-59D3-496B-8177-AB8AF395AA43}.Release|Win32.ActiveCfg = Release|Win32
		{D775D8CF-59D3-496B-8177-AB8AF395AA43}.Release|Win32.Build.0 = Release|Win32
		{87A6D655-9067-4E35-B7F3-55928C33B936}.Debug|Win32.ActiveCfg = Debug|Win32
		{87A6D655-9067-4E35-B7F3-55928C33B936}.Debug|Win32.Build.0 = Debug|Win32
		{87A6D655-9067-4E35-B7F3-55928C33B936}.DebugInline|Win32.ActiveCfg = DebugInline|Win32
		{87A6D655-9067-4E35-B7F3-55928C33B936}.DebugInline|Win32.Build.0 = DebugInline|Win32
		{87A6D655-9067-4E35-B7F3-55928C33B936}.Release|Win32.ActiveCfg = Release|Win32
		{87A6D655-9067-4E35-B7F3-55928C33B936}.Release|Win32.Build.0 = Release|Win32
		{BAFC1CBD-2701-4462-AD5F-58834582AFA3}.Debug|Win32.ActiveCfg = Debug|Win32
		{BAFC1CBD-2701-4462-AD5F-58834582AFA3}.Debug|Win32.Build.0 = Debug|Win32
		{BAFC1CBD-2701-4462-AD5F-58834582AFA3}.DebugInline|Win32.ActiveCfg = DebugInline|Win32
		{BAFC1CBD-2701-4462-AD5F-58834582AFA3}.DebugInline|Win32.Build.0 = DebugInline|Win32
		{BAFC1CBD-2701-4462-AD5F-58834582AFA3}.Release|Win32.ActiveCfg = Release|Win32
		{BAFC1CBD-2701-4462-AD5F-58834582AFA3}.Release|Win32.Build.0 = Release|Win32
		{2B64CDED-4789-447C-B9FA-1580BD2AFD10}.Debug|Win32.ActiveCfg = Debug|Win32
		{2B64CDED-4789-447C-B9FA-1580BD2AFD10}.Debug|Win32.Build.0 = Debug|Win32
		{2B64CDED-4789-447C-B9FA-1580BD2AFD10}.DebugInline|Win32.ActiveCfg = Debug|Win32
		{2B64CDED-4789-447C-B9FA-1580BD2AFD10}.DebugInline|Win32.Build.0 = Debug|Win32
		{2B64CDED-4789-447C-B9FA-1580BD2AFD10}.Release|Win32.ActiveCfg = Release|Win32
		{2B64CDED-4789-447C-B9FA-1580BD2AFD10}.Release|Win32.Build.0 = Release|Win32
		{CF2592D2-C89B-4CC5-884D-E97CC1DCBB20}.Debug|Win32.ActiveCfg = Debug|Win32
		{CF2592D2-C89B-4CC5-884D-E97CC1DCBB20}.Debug|Win32.Build.0 = Debug|Win32
		{CF2592D2-C89B-4CC5-884D-E97CC1DCBB20}.DebugInline|Win32.ActiveCfg = DebugInline|Win32
		{CF2592D2-C89B-4CC5-884D-E97CC1DCBB20}.DebugInline|Win32.Build.0 = DebugInline|Win32
		{CF2592D2-C89B-4CC5-884D-E97CC1DCBB20}.Release|Win32.ActiveCfg = Release|Win32
		{CF2592D2-C89B-4CC5-884D-E97CC1DCBB20}.Release|Win32.Build.0 = Release|Win32
		{A5900570-35FF-4EC7-AC2E-6EF03E4E8C87}.Debug|Win32.ActiveCfg = Debug|Win32
		{A5900570-35FF-4EC7-AC2E-6EF03E4E8C87}.Debug|Win32.Build.0 = Debug|Win32
		{A5900570-35FF-4EC7-AC2E-6EF03E4E8C87}.DebugInline|Win32.ActiveCfg = Debug|Win32
		{A5900570-35FF-4EC7-AC2E-6EF03E4E8C87}.DebugInline|Win32.Build.0 = Debug|Win32
		{A5900570-35FF-4EC7-AC2E-6EF03E4E8C87}.Release|Win32.ActiveCfg = Release|Win32
		{A5900570-35FF-4EC7-AC2E-6EF03E4E8C87}.Release|Win32.Build.0 = Release|Win32
		{5DE7C7C1-197D-4117-A0EC-912DF0E13FD6}.Debug|Win32.ActiveCfg = Debug|Win32
		{5DE7C7C1-197D-4117-A0EC-912DF0E13FD6}.Debug|Win32.Build.0 = Debug|Win32
		{5DE7C7C1-197D-4117-A0EC-912DF0E13FD6}.DebugInline|Win32.ActiveCfg = Debug|Win32
		{5DE7C7C1-197D-4117-A0EC-912DF0E13FD6}.DebugInline|Win32.Build.0 = Debug|Win32
		{5DE7C7C1-197D-4117-A0EC-912DF0E13FD6}.Release|Win32.ActiveCfg = Release|Win32
		{5DE7C7C1-197D-4117-A0EC-912DF0E13FD6}.Release|Win32.Build.0 = Release|Win32
		{143F3FCC-0E94-4F8D-BA52-9679C92D7BA1}.Debug|Win32.ActiveCfg = Debug|Win32
		{143F3FCC-0E94-4F8D-BA52-9679C92D7BA1}.Debug|Win32.Build.0 = Debug|Win32
		{143F3FCC-0E94-4F8D-BA52-9679C92D7BA1}.DebugInline|Win32.ActiveCfg = Debug|Win32
		{143F3FCC-0E94-4F8D-BA52-9679C92D7BA1}.DebugInline|Win32.Build.0 = Debug|Win32
		{143F3FCC-0E94-4F8D-BA52-9679C92D7BA1}.Release|Win32.ActiveCfg = Release|Win32
		{143F3FCC-0E94-4F8D-BA52-9679C92D7BA1}.Release|Win32.Build.0 = Release|Win32
		{B0DABFB3-22B2-4D89-8893-980B74F928D0}.Debug|Win32.ActiveCfg = Debug|Win32
		{B0DABFB3-22B2-4D89-8893-980B74F928D0}.Debug|Win32.Build.0 = Debug|Win32
		{B0DABFB3-22B2-4D89-8893-980B74F928D0}.DebugInline|Win32.ActiveCfg = Debug|Win32
		{B0DABFB3-22B2-4D89-8893-980B74F928D0}.DebugInline|Win32.Build.0 = Debug|Win32
		{B0DABFB3-22B2-4D89-8893-980B74F928D0}.Release|Win32.ActiveCfg = Release|Win32
		{B0DABFB3-22B2-4D89-8893-980B74F928D0}.Release|Win32.Build.0 = Release|Win32
		{48290939-36C0-450D-B460-DBDB6CEF9901}.Debug|Win32.ActiveCfg = Debug|Win32
		{48290939-36C0-450D-B460-DBDB6CEF9901}.Debug|Win32.Build.0 = Debug|Win32
		{48290939-36C0-450D-B460-DBDB6CEF9901}.DebugInline|Win32.ActiveCfg = Debug|Win32
		{48290939-36C0-450D-B460-DBDB6CEF9901}.DebugInline|Win32.Build.0 = Debug|Win32
		{48290939-36C0-450D-B460-DBDB6CEF9901}.Release|Win32.ActiveCfg = Release|Win32
		{48290939-36C0-450D-B460-DBDB6CEF9901}.Release|Win32.Build.0 = Release|Win32
		{E593788A-6657-4C74-AF9E-DA710CBDB833}.Debug|Win32.ActiveCfg = Debug|Win32
		{E593788A-6657-4C74-AF9E-DA710CBDB833}.Debug|Win32.Build.0 = Debug|Win32
		{E593788A-6657-4C74-AF9E-DA710CBDB833}.DebugInline|Win32.ActiveCfg = Debug|Win32
		{E593788A-6657-4C74-AF9E-DA710CBDB833}.DebugInline|Win32.Build.0 = Debug|Win32
		{E593788A-6657-4C74-AF9E-DA710CBDB833}.Release|Win32.ActiveCfg = Release|Win32
		{E593788A-6657-4C74-AF9E-DA710CBDB833}.Release|Win32.Build.0 = Release|Win32
	EndGlobalSection
	GlobalSection(SolutionProperties) = preSolution
		HideSolutionNode = FALSE
	EndGlobalSection
	GlobalSection(NestedProjects) = preSolution
		{7A5C6DD1-D49B-4CEB-81D3-78ECF8CEEA23} = {5A82B110-B010-47FF-A384-32C39CD714D5}
		{CF2592D2-C89B-4CC5-884D-E97CC1DCBB20} = {5A82B110-B010-47FF-A384-32C39CD714D5}
		{AD944937-FF5C-430F-9C43-A0910067CDBE} = {7AB682A6-160D-47AC-BD4F-922EC1ADE65C}
		{D64FA0BA-CDCE-43F9-8C48-1C041A985D65} = {7AB682A6-160D-47AC-BD4F-922EC1ADE65C}
		{2AB77211-6F80-4151-8887-4B240B26B388} = {7AB682A6-160D-47AC-BD4F-922EC1ADE65C}
		{D775D8CF-59D3-496B-8177-AB8AF395AA43} = {AD944937-FF5C-430F-9C43-A0910067CDBE}
		{E593788A-6657-4C74-AF9E-DA710CBDB833} = {AD944937-FF5C-430F-9C43-A0910067CDBE}
		{87A6D655-9067-4E35-B7F3-55928C33B936} = {D64FA0BA-CDCE-43F9-8C48-1C041A985D65}
		{2B64CDED-4789-447C-B9FA-1580BD2AFD10} = {D64FA0BA-CDCE-43F9-8C48-1C041A985D65}
		{A5900570-35FF-4EC7-AC2E-6EF03E4E8C87} = {D64FA0BA-CDCE-43F9-8C48-1C041A985D65}
		{48290939-36C0-450D-B460-DBDB6CEF9901} = {D64FA0BA-CDCE-43F9-8C48-1C041A985D65}
		{BAFC1CBD-2701-4462-AD5F-58834582AFA3} = {2AB77211-6F80-4151-8887-4B240B26B388}
		{B0DABFB3-22B2-4D89-8893-980B74F928D0} = {2AB77211-6F80-4151-8887-4B240B26B388}
		{5DE7C7C1-197D-4117-A0EC-912DF0E13FD6} = {6D9F52AA-BA8A-4160-8076-B30E18C266F0}
		{143F3FCC-0E94-4F8D-BA52-9679C92D7BA1} = {6D9F52AA-BA8A-4160-8076-B30E18C266F0}
	EndGlobalSection
EndGlobal
