<?xml version="1.0" encoding="utf-8"?>
<Project ToolsVersion="4.0" xmlns="http://schemas.microsoft.com/developer/msbuild/2003">
  <ItemGroup>
    <Filter Include="Source Files">
      <UniqueIdentifier>{4FC737F1-C7A5-4376-A066-2A32D752A2FF}</UniqueIdentifier>
      <Extensions>cpp;c;cc;cxx;def;odl;idl;hpj;bat;asm;asmx</Extensions>
    </Filter>
    <Filter Include="Header Files">
      <UniqueIdentifier>{93995380-89BD-4b04-88EB-625FBE52EBFB}</UniqueIdentifier>
      <Extensions>h;hpp;hxx;hm;inl;inc;xsd</Extensions>
    </Filter>
    <Filter Include="Header Files\Game">
      <UniqueIdentifier>{39a92c32-389d-4097-8a96-59c96b8617fb}</UniqueIdentifier>
    </Filter>
    <Filter Include="Header Files\Core">
      <UniqueIdentifier>{be3a4f65-1445-415a-96c6-8d0efe5dd46c}</UniqueIdentifier>
    </Filter>
    <Filter Include="Header Files\Graphics">
      <UniqueIdentifier>{64e0a6fc-dd89-4d70-beb2-27a34a03391d}</UniqueIdentifier>
    </Filter>
    <Filter Include="Source Files\Game">
      <UniqueIdentifier>{629dba78-ca33-45cc-8ebd-91a0aaf52cfc}</UniqueIdentifier>
    </Filter>
    <Filter Include="Source Files\Core">
      <UniqueIdentifier>{10429236-f405-4fbe-b93c-02dc62ad4254}</UniqueIdentifier>
    </Filter>
    <Filter Include="Source Files\Graphics">
      <UniqueIdentifier>{2b925e5d-a9e9-4dc2-a937-deb088968407}</UniqueIdentifier>
    </Filter>
    <Filter Include="Header Files\Level">
      <UniqueIdentifier>{52001c09-2a56-477b-b1d1-d73045433ce1}</UniqueIdentifier>
    </Filter>
    <Filter Include="Source Files\Level">
      <UniqueIdentifier>{8a3128ba-a970-43fe-a894-a5842caa48e4}</UniqueIdentifier>
    </Filter>
    <Filter Include="Header Files\DataStructs">
      <UniqueIdentifier>{72d58f2c-074b-48ed-a142-558ae6c4ca36}</UniqueIdentifier>
    </Filter>
    <Filter Include="Source Files\DataStructs">
      <UniqueIdentifier>{f8a177cb-0c9a-4530-ab6b-63fe8dc1ce16}</UniqueIdentifier>
    </Filter>
    <Filter Include="Header Files\Event">
      <UniqueIdentifier>{5f0e5091-0460-47cc-85a0-c803a5df35e0}</UniqueIdentifier>
    </Filter>
    <Filter Include="Source Files\Event">
      <UniqueIdentifier>{0ff92049-d1c0-4970-8f6c-2a44e8cd605f}</UniqueIdentifier>
    </Filter>
    <Filter Include="Header Files\Sprite">
      <UniqueIdentifier>{30164797-cdc1-48f5-9c6b-bdf935f4b9ce}</UniqueIdentifier>
    </Filter>
    <Filter Include="Source Files\Sprite">
      <UniqueIdentifier>{39234823-46b2-484c-9a35-d175e1f01590}</UniqueIdentifier>
    </Filter>
    <Filter Include="Header Files\Entity">
      <UniqueIdentifier>{2f3ad762-372c-4953-9dd2-9deaf49b3e37}</UniqueIdentifier>
    </Filter>
    <Filter Include="Source Files\Entity">
      <UniqueIdentifier>{c6fdcc82-dcaf-4c41-9783-ee5800834a08}</UniqueIdentifier>
    </Filter>
    <Filter Include="Header Files\IO">
      <UniqueIdentifier>{30bbcc43-a898-4f3f-8aa8-188b3d3402c4}</UniqueIdentifier>
    </Filter>
    <Filter Include="Source Files\IO">
      <UniqueIdentifier>{8864fde6-9e71-4421-83d5-9e4db5691db1}</UniqueIdentifier>
    </Filter>
    <Filter Include="Header Files\Thread">
      <UniqueIdentifier>{9a673f8e-7e12-477e-a1b8-65be69d9b1ea}</UniqueIdentifier>
    </Filter>
    <Filter Include="Source Files\Thread">
      <UniqueIdentifier>{2223e3e4-e5ae-48a1-a089-02252ca9f184}</UniqueIdentifier>
    </Filter>
    <Filter Include="libs">
      <UniqueIdentifier>{b8188151-20c9-439f-92a9-33af71caae03}</UniqueIdentifier>
    </Filter>
    <Filter Include="libs\minizip">
      <UniqueIdentifier>{1ac67b8c-65ea-46e3-a126-145e9ce85fde}</UniqueIdentifier>
    </Filter>
    <Filter Include="Header Files\GameScript">
      <UniqueIdentifier>{74280b0d-561d-4c6b-bf7b-15d2af0d4e55}</UniqueIdentifier>
    </Filter>
    <Filter Include="Source Files\GameScript">
      <UniqueIdentifier>{80e4b60c-935f-4261-a83c-6b26cdb5ce78}</UniqueIdentifier>
    </Filter>
    <Filter Include="Header Files\Sound">
      <UniqueIdentifier>{40650c17-5a12-450c-9776-017c5e02faa3}</UniqueIdentifier>
    </Filter>
    <Filter Include="Source Files\Sound">
      <UniqueIdentifier>{d7193ffc-0c51-42e1-84ca-481dbdc3efc0}</UniqueIdentifier>
    </Filter>
  </ItemGroup>
  <ItemGroup>
    <ClCompile Include="MageGame.cpp">
      <Filter>Source Files\Game</Filter>
    </ClCompile>
    <ClCompile Include="MageAppBase.cpp">
      <Filter>Source Files\Game</Filter>
    </ClCompile>
    <ClCompile Include="InitTerm.cpp">
      <Filter>Source Files\Core</Filter>
    </ClCompile>
    <ClCompile Include="Assertion.cpp">
      <Filter>Source Files\Core</Filter>
    </ClCompile>
    <ClCompile Include="Surface.cpp">
      <Filter>Source Files\Graphics</Filter>
    </ClCompile>
    <ClCompile Include="FrameRateControl.cpp">
      <Filter>Source Files\Graphics</Filter>
    </ClCompile>
    <ClCompile Include="StringUtil.cpp">
      <Filter>Source Files\Core</Filter>
    </ClCompile>
    <ClCompile Include="XmlReader.cpp">
      <Filter>Source Files\Core</Filter>
    </ClCompile>
    <ClCompile Include="Tile.cpp">
      <Filter>Source Files\Level</Filter>
    </ClCompile>
    <ClCompile Include="Map.cpp">
      <Filter>Source Files\Level</Filter>
    </ClCompile>
    <ClCompile Include="MapObject.cpp">
      <Filter>Source Files\Level</Filter>
    </ClCompile>
    <ClCompile Include="Dictionary.cpp">
      <Filter>Source Files\DataStructs</Filter>
    </ClCompile>
    <ClCompile Include="Event.cpp">
      <Filter>Source Files\Event</Filter>
    </ClCompile>
    <ClCompile Include="Camera.cpp">
      <Filter>Source Files\Graphics</Filter>
    </ClCompile>
    <ClCompile Include="SpriteManager.cpp">
      <Filter>Source Files\Sprite</Filter>
    </ClCompile>
    <ClCompile Include="Sprite.cpp">
      <Filter>Source Files\Sprite</Filter>
    </ClCompile>
    <ClCompile Include="SpriteDefinition.cpp">
      <Filter>Source Files\Sprite</Filter>
    </ClCompile>
    <ClCompile Include="SpriteAnimation.cpp">
      <Filter>Source Files\Sprite</Filter>
    </ClCompile>
    <ClCompile Include="Color.cpp">
      <Filter>Source Files\Graphics</Filter>
    </ClCompile>
    <ClCompile Include="Clock.cpp">
      <Filter>Source Files\Core</Filter>
    </ClCompile>
    <ClCompile Include="Font.cpp">
      <Filter>Source Files\Graphics</Filter>
    </ClCompile>
    <ClCompile Include="ProfilingSystem.cpp">
      <Filter>Source Files\Core</Filter>
    </ClCompile>
    <ClCompile Include="XmlUtil.cpp">
      <Filter>Source Files\Core</Filter>
    </ClCompile>
    <ClCompile Include="FileSystem_Win32.cpp">
      <Filter>Source Files\Core</Filter>
    </ClCompile>
    <ClCompile Include="Entity.cpp">
      <Filter>Source Files\Entity</Filter>
    </ClCompile>
    <ClCompile Include="EntityDefinition.cpp">
      <Filter>Source Files\Entity</Filter>
    </ClCompile>
    <ClCompile Include="Console.cpp">
      <Filter>Source Files\Core</Filter>
    </ClCompile>
    <ClCompile Include="Console_Win32.cpp">
      <Filter>Source Files\Core</Filter>
    </ClCompile>
    <ClCompile Include="InputManager.cpp">
      <Filter>Source Files\IO</Filter>
    </ClCompile>
    <ClCompile Include="GameInfo.cpp">
      <Filter>Source Files\Game</Filter>
    </ClCompile>
    <ClCompile Include="Job.cpp">
      <Filter>Source Files\Thread</Filter>
    </ClCompile>
    <ClCompile Include="JobManager.cpp">
      <Filter>Source Files\Thread</Filter>
    </ClCompile>
    <ClCompile Include="Mutex_Win32.cpp">
      <Filter>Source Files\Thread</Filter>
    </ClCompile>
    <ClCompile Include="Thread_Win32.cpp">
      <Filter>Source Files\Thread</Filter>
    </ClCompile>
    <ClCompile Include="TriggeredEvent.cpp">
      <Filter>Source Files\Event</Filter>
    </ClCompile>
    <ClCompile Include="FileSystem.cpp">
      <Filter>Source Files\Core</Filter>
    </ClCompile>
    <ClCompile Include="CommandArgs.cpp">
      <Filter>Source Files\DataStructs</Filter>
    </ClCompile>
    <ClCompile Include="FileLoadJob.cpp">
      <Filter>Source Files\Thread</Filter>
    </ClCompile>
    <ClCompile Include="HashUtil.cpp">
      <Filter>Source Files</Filter>
    </ClCompile>
    <ClCompile Include="MageMemory.cpp">
      <Filter>Source Files\Core</Filter>
    </ClCompile>
    <ClCompile Include="DebugIO.cpp">
      <Filter>Source Files\IO</Filter>
    </ClCompile>
    <ClCompile Include="DebugIO_Win32.cpp">
      <Filter>Source Files\IO</Filter>
    </ClCompile>
    <ClCompile Include="GameEnvironment.cpp">
      <Filter>Source Files\GameScript</Filter>
    </ClCompile>
    <ClCompile Include="GameVar.cpp">
      <Filter>Source Files\GameScript</Filter>
    </ClCompile>
    <ClCompile Include="GameScope.cpp">
      <Filter>Source Files\GameScript</Filter>
    </ClCompile>
    <ClCompile Include="HashBufferJob.cpp">
      <Filter>Source Files\Thread</Filter>
    </ClCompile>
    <ClCompile Include="MageLib.cpp">
      <Filter>Source Files</Filter>
    </ClCompile>
    <ClCompile Include="BitHacks.cpp">
      <Filter>Source Files</Filter>
    </ClCompile>
    <ClCompile Include="GameAction.cpp">
      <Filter>Source Files\GameScript</Filter>
    </ClCompile>
    <ClCompile Include="GameController.cpp">
      <Filter>Source Files\GameScript</Filter>
    </ClCompile>
    <ClCompile Include="GameObject.cpp">
      <Filter>Source Files\GameScript</Filter>
    </ClCompile>
    <ClCompile Include="GameTrigger.cpp">
      <Filter>Source Files\GameScript</Filter>
    </ClCompile>
    <ClCompile Include="GameObjectDefinition.cpp">
      <Filter>Source Files\GameScript</Filter>
    </ClCompile>
    <ClCompile Include="GameLogicNode.cpp">
      <Filter>Source Files\GameScript</Filter>
    </ClCompile>
    <ClCompile Include="GameString.cpp">
      <Filter>Source Files\GameScript</Filter>
    </ClCompile>
    <ClCompile Include="GameExpression.cpp">
      <Filter>Source Files\GameScript</Filter>
    </ClCompile>
    <ClCompile Include="GameNodeEditor.cpp">
      <Filter>Source Files</Filter>
    </ClCompile>
    <ClCompile Include="SoundManager.cpp">
      <Filter>Source Files\Sound</Filter>
    </ClCompile>
    <ClCompile Include="PythonWrapper.cpp">
      <Filter>Source Files</Filter>
    </ClCompile>
  </ItemGroup>
  <ItemGroup>
    <ClInclude Include="MageGame.h">
      <Filter>Header Files\Game</Filter>
    </ClInclude>
    <ClInclude Include="MageAppBase.h">
      <Filter>Header Files\Game</Filter>
    </ClInclude>
    <ClInclude Include="Assertion.h">
      <Filter>Header Files\Core</Filter>
    </ClInclude>
    <ClInclude Include="InitTerm.h">
      <Filter>Header Files\Core</Filter>
    </ClInclude>
    <ClInclude Include="MageMemory.h">
      <Filter>Header Files\Core</Filter>
    </ClInclude>
    <ClInclude Include="Surface.h">
      <Filter>Header Files\Graphics</Filter>
    </ClInclude>
    <ClInclude Include="FrameRateControl.hpp">
      <Filter>Header Files\Graphics</Filter>
    </ClInclude>
    <ClInclude Include="FrameRateControl.h">
      <Filter>Header Files\Graphics</Filter>
    </ClInclude>
    <ClInclude Include="StringUtil.h">
      <Filter>Header Files\Core</Filter>
    </ClInclude>
    <ClInclude Include="XmlReader.h">
      <Filter>Header Files\Core</Filter>
    </ClInclude>
    <ClInclude Include="Map.h">
      <Filter>Header Files\Level</Filter>
    </ClInclude>
    <ClInclude Include="Tile.h">
      <Filter>Header Files\Level</Filter>
    </ClInclude>
    <ClInclude Include="MapObject.h">
      <Filter>Header Files\Level</Filter>
    </ClInclude>
    <ClInclude Include="Dictionary.h">
      <Filter>Header Files\DataStructs</Filter>
    </ClInclude>
    <ClInclude Include="Event.h">
      <Filter>Header Files\Event</Filter>
    </ClInclude>
    <ClInclude Include="Camera.h">
      <Filter>Header Files\Graphics</Filter>
    </ClInclude>
    <ClInclude Include="Camera.hpp">
      <Filter>Header Files\Graphics</Filter>
    </ClInclude>
    <ClInclude Include="Sprite.h">
      <Filter>Header Files\Sprite</Filter>
    </ClInclude>
    <ClInclude Include="SpriteManager.h">
      <Filter>Header Files\Sprite</Filter>
    </ClInclude>
    <ClInclude Include="SpriteDefinition.h">
      <Filter>Header Files\Sprite</Filter>
    </ClInclude>
    <ClInclude Include="SpriteAnimation.h">
      <Filter>Header Files\Sprite</Filter>
    </ClInclude>
    <ClInclude Include="Color.h">
      <Filter>Header Files\Graphics</Filter>
    </ClInclude>
    <ClInclude Include="Clock.h">
      <Filter>Header Files\Core</Filter>
    </ClInclude>
    <ClInclude Include="Clock.hpp">
      <Filter>Header Files\Core</Filter>
    </ClInclude>
    <ClInclude Include="Font.h">
      <Filter>Header Files\Graphics</Filter>
    </ClInclude>
    <ClInclude Include="ProfilingSystem.h">
      <Filter>Header Files\Core</Filter>
    </ClInclude>
    <ClInclude Include="XmlUtil.h">
      <Filter>Header Files\Core</Filter>
    </ClInclude>
    <ClInclude Include="FileSystem.h">
      <Filter>Header Files\Core</Filter>
    </ClInclude>
    <ClInclude Include="Entity.h">
      <Filter>Header Files\Entity</Filter>
    </ClInclude>
    <ClInclude Include="Entity.hpp">
      <Filter>Header Files\Entity</Filter>
    </ClInclude>
    <ClInclude Include="EntityDefinition.h">
      <Filter>Header Files\Entity</Filter>
    </ClInclude>
    <ClInclude Include="Console.h">
      <Filter>Header Files\Core</Filter>
    </ClInclude>
    <ClInclude Include="Map.hpp">
      <Filter>Header Files\Level</Filter>
    </ClInclude>
    <ClInclude Include="InputManager.h">
      <Filter>Header Files\IO</Filter>
    </ClInclude>
    <ClInclude Include="Definitionbase.h">
      <Filter>Header Files\Core</Filter>
    </ClInclude>
    <ClInclude Include="GameInfo.h">
      <Filter>Header Files\Game</Filter>
    </ClInclude>
    <ClInclude Include="Job.h">
      <Filter>Header Files\Thread</Filter>
    </ClInclude>
    <ClInclude Include="JobManager.h">
      <Filter>Header Files\Thread</Filter>
    </ClInclude>
    <ClInclude Include="Mutex.h">
      <Filter>Header Files\Thread</Filter>
    </ClInclude>
    <ClInclude Include="Thread.h">
      <Filter>Header Files\Thread</Filter>
    </ClInclude>
    <ClInclude Include="TriggeredEvent.h">
      <Filter>Header Files\Event</Filter>
    </ClInclude>
    <ClInclude Include="CommandArgs.h">
      <Filter>Header Files\DataStructs</Filter>
    </ClInclude>
    <ClInclude Include="minizip\unzip.h">
      <Filter>libs\minizip</Filter>
    </ClInclude>
    <ClInclude Include="minizip\zip.h">
      <Filter>libs\minizip</Filter>
    </ClInclude>
    <ClInclude Include="FileLoadJob.h">
      <Filter>Header Files\Thread</Filter>
    </ClInclude>
    <ClInclude Include="HashUtil.h">
      <Filter>Header Files</Filter>
    </ClInclude>
    <ClInclude Include="HashBufferJob.h">
      <Filter>Header Files\Thread</Filter>
    </ClInclude>
    <ClInclude Include="MageTypes.h">
      <Filter>Header Files</Filter>
    </ClInclude>
    <ClInclude Include="DebugIO.h">
      <Filter>Header Files\IO</Filter>
    </ClInclude>
    <ClInclude Include="stl_headers.h">
      <Filter>Header Files</Filter>
    </ClInclude>
    <ClInclude Include="MageLib.h">
      <Filter>Header Files</Filter>
    </ClInclude>
    <ClInclude Include="GameEnvironment.h">
      <Filter>Header Files\GameScript</Filter>
    </ClInclude>
    <ClInclude Include="GameScope.h">
      <Filter>Header Files\GameScript</Filter>
    </ClInclude>
    <ClInclude Include="GameVar.h">
      <Filter>Header Files\GameScript</Filter>
    </ClInclude>
    <ClInclude Include="GameVar.hpp">
      <Filter>Header Files\GameScript</Filter>
    </ClInclude>
    <ClInclude Include="BitHacks.h">
      <Filter>Header Files</Filter>
    </ClInclude>
    <ClInclude Include="GameAction.h">
      <Filter>Header Files\GameScript</Filter>
    </ClInclude>
    <ClInclude Include="GameTrigger.h">
      <Filter>Header Files\GameScript</Filter>
    </ClInclude>
    <ClInclude Include="GameController.h">
      <Filter>Header Files\GameScript</Filter>
    </ClInclude>
    <ClInclude Include="GameObject.h">
      <Filter>Header Files\GameScript</Filter>
    </ClInclude>
    <ClInclude Include="GameLogicNode.h">
      <Filter>Header Files\GameScript</Filter>
    </ClInclude>
    <ClInclude Include="GameObjectDefinition.h">
      <Filter>Header Files\GameScript</Filter>
    </ClInclude>
    <ClInclude Include="GameString.h">
      <Filter>Header Files\GameScript</Filter>
    </ClInclude>
    <ClInclude Include="CircularBuffer.h">
      <Filter>Header Files\DataStructs</Filter>
    </ClInclude>
    <ClInclude Include="GameNodeEditor.h">
      <Filter>Header Files</Filter>
    </ClInclude>
    <ClInclude Include="GameExpression.h">
      <Filter>Header Files\GameScript</Filter>
    </ClInclude>
    <ClInclude Include="SoundManager.h">
      <Filter>Header Files\Sound</Filter>
    </ClInclude>
    <ClInclude Include="PythonWrapper.h">
      <Filter>Header Files</Filter>
    </ClInclude>
    <ClInclude Include="ParticleSystem.h">
      <Filter>Header Files\Graphics</Filter>
    </ClInclude>
  </ItemGroup>
</Project>